
Microsoft Visual Studio Solution File, Format Version 12.00
# Visual Studio 15
VisualStudioVersion = 15.0.28307.106
MinimumVisualStudioVersion = 10.0.40219.1
Project("{FAE04EC0-301F-11D3-BF4B-00C04F79EFBC}") = "Rekenmachine", "Rekenmachine\Rekenmachine.csproj", "{916F50F3-0715-459C-BB4B-1F0CEF71EF1B}"
EndProject
Global
	GlobalSection(SolutionConfigurationPlatforms) = preSolution
		Debug|Any CPU = Debug|Any CPU
		Release|Any CPU = Release|Any CPU
	EndGlobalSection
	GlobalSection(ProjectConfigurationPlatforms) = postSolution
		{916F50F3-0715-459C-BB4B-1F0CEF71EF1B}.Debug|Any CPU.ActiveCfg = Debug|Any CPU
		{916F50F3-0715-459C-BB4B-1F0CEF71EF1B}.Debug|Any CPU.Build.0 = Debug|Any CPU
		{916F50F3-0715-459C-BB4B-1F0CEF71EF1B}.Release|Any CPU.ActiveCfg = Release|Any CPU
		{916F50F3-0715-459C-BB4B-1F0CEF71EF1B}.Release|Any CPU.Build.0 = Release|Any CPU
	EndGlobalSection
	GlobalSection(SolutionProperties) = preSolution
		HideSolutionNode = FALSE
	EndGlobalSection
	GlobalSection(ExtensibilityGlobals) = postSolution
		SolutionGuid = {089E68F3-700A-4FFC-BE6B-469D1653DBA0}
	EndGlobalSection
EndGlobal
